
Microsoft Visual Studio Solution File, Format Version 12.00
# Visual Studio Version 16
VisualStudioVersion = 16.0.31729.503
MinimumVisualStudioVersion = 10.0.40219.1
Project("{FAE04EC0-301F-11D3-BF4B-00C04F79EFBC}") = "UserRegistrationUsingRegex1", "UserRegistrationUsingRegex1\UserRegistrationUsingRegex1.csproj", "{86DD32C6-5F88-4338-B8D4-70C03B56CAFF}"
EndProject
Project("{FAE04EC0-301F-11D3-BF4B-00C04F79EFBC}") = "UserRegistrationTesting", "UserRegistrationTesting\UserRegistrationTesting.csproj", "{D441DB3C-0D72-45E7-92C2-F23C9EDFDC0D}"
EndProject
Global
	GlobalSection(SolutionConfigurationPlatforms) = preSolution
		Debug|Any CPU = Debug|Any CPU
		Release|Any CPU = Release|Any CPU
	EndGlobalSection
	GlobalSection(ProjectConfigurationPlatforms) = postSolution
		{86DD32C6-5F88-4338-B8D4-70C03B56CAFF}.Debug|Any CPU.ActiveCfg = Debug|Any CPU
		{86DD32C6-5F88-4338-B8D4-70C03B56CAFF}.Debug|Any CPU.Build.0 = Debug|Any CPU
		{86DD32C6-5F88-4338-B8D4-70C03B56CAFF}.Release|Any CPU.ActiveCfg = Release|Any CPU
		{86DD32C6-5F88-4338-B8D4-70C03B56CAFF}.Release|Any CPU.Build.0 = Release|Any CPU
		{D441DB3C-0D72-45E7-92C2-F23C9EDFDC0D}.Debug|Any CPU.ActiveCfg = Debug|Any CPU
		{D441DB3C-0D72-45E7-92C2-F23C9EDFDC0D}.Debug|Any CPU.Build.0 = Debug|Any CPU
		{D441DB3C-0D72-45E7-92C2-F23C9EDFDC0D}.Release|Any CPU.ActiveCfg = Release|Any CPU
		{D441DB3C-0D72-45E7-92C2-F23C9EDFDC0D}.Release|Any CPU.Build.0 = Release|Any CPU
	EndGlobalSection
	GlobalSection(SolutionProperties) = preSolution
		HideSolutionNode = FALSE
	EndGlobalSection
	GlobalSection(ExtensibilityGlobals) = postSolution
		SolutionGuid = {B95E04B7-94DB-4E14-A5DD-F5ECFE74410D}
	EndGlobalSection
EndGlobal
